
Microsoft Visual Studio Solution File, Format Version 12.00
# Visual Studio Version 16
VisualStudioVersion = 16.0.29215.179
MinimumVisualStudioVersion = 10.0.40219.1
Project("{FAE04EC0-301F-11D3-BF4B-00C04F79EFBC}") = "RussianRoulette", "RussianRoulette.csproj", "{7CE703A8-7DC3-48A9-8DBB-8F4A6344BD04}"
EndProject
Project("{FAE04EC0-301F-11D3-BF4B-00C04F79EFBC}") = "RussianRouletteTests", "..\RussianRouletteTests\RussianRouletteTests.csproj", "{CC918B04-5456-4024-8DB7-DB006FB4ACDE}"
EndProject
Global
	GlobalSection(SolutionConfigurationPlatforms) = preSolution
		Debug|Any CPU = Debug|Any CPU
		Release|Any CPU = Release|Any CPU
	EndGlobalSection
	GlobalSection(ProjectConfigurationPlatforms) = postSolution
		{7CE703A8-7DC3-48A9-8DBB-8F4A6344BD04}.Debug|Any CPU.ActiveCfg = Debug|Any CPU
		{7CE703A8-7DC3-48A9-8DBB-8F4A6344BD04}.Debug|Any CPU.Build.0 = Debug|Any CPU
		{7CE703A8-7DC3-48A9-8DBB-8F4A6344BD04}.Release|Any CPU.ActiveCfg = Release|Any CPU
		{7CE703A8-7DC3-48A9-8DBB-8F4A6344BD04}.Release|Any CPU.Build.0 = Release|Any CPU
		{CC918B04-5456-4024-8DB7-DB006FB4ACDE}.Debug|Any CPU.ActiveCfg = Debug|Any CPU
		{CC918B04-5456-4024-8DB7-DB006FB4ACDE}.Debug|Any CPU.Build.0 = Debug|Any CPU
		{CC918B04-5456-4024-8DB7-DB006FB4ACDE}.Release|Any CPU.ActiveCfg = Release|Any CPU
		{CC918B04-5456-4024-8DB7-DB006FB4ACDE}.Release|Any CPU.Build.0 = Release|Any CPU
	EndGlobalSection
	GlobalSection(SolutionProperties) = preSolution
		HideSolutionNode = FALSE
	EndGlobalSection
	GlobalSection(ExtensibilityGlobals) = postSolution
		SolutionGuid = {559DDE01-340B-4DEB-83C5-537FF72EC502}
	EndGlobalSection
EndGlobal
